// !$*UTF8*$!
{
	archiveVersion = 1;
	classes = {
	};
	objectVersion = 55;
	objects = {

/* Begin PBXBuildFile section */
		241A79CE27C3E5AE00290C58 /* TryingMain in Frameworks */ = {isa = PBXBuildFile; productRef = 241A79CD27C3E5AE00290C58 /* TryingMain */; };
		241A79D627C8FC3200290C58 /* QuestionsPreviewApp.swift in Sources */ = {isa = PBXBuildFile; fileRef = 241A79D527C8FC3200290C58 /* QuestionsPreviewApp.swift */; };
		241A79DA27C8FC3300290C58 /* Assets.xcassets in Resources */ = {isa = PBXBuildFile; fileRef = 241A79D927C8FC3300290C58 /* Assets.xcassets */; };
		241A79E527C8FD6D00290C58 /* Questions in Frameworks */ = {isa = PBXBuildFile; productRef = 241A79E427C8FD6D00290C58 /* Questions */; };
		24318E5327C3D433000DE02C /* Trying_iOSApp.swift in Sources */ = {isa = PBXBuildFile; fileRef = 24318E5227C3D433000DE02C /* Trying_iOSApp.swift */; };
		24318E5727C3D433000DE02C /* Assets.xcassets in Resources */ = {isa = PBXBuildFile; fileRef = 24318E5627C3D433000DE02C /* Assets.xcassets */; };
		24318E5A27C3D433000DE02C /* Preview Assets.xcassets in Resources */ = {isa = PBXBuildFile; fileRef = 24318E5927C3D433000DE02C /* Preview Assets.xcassets */; };
		24FFCF3627D514AA0097A981 /* Shared in Frameworks */ = {isa = PBXBuildFile; productRef = 24FFCF3527D514AA0097A981 /* Shared */; };
		24FFCF3827D514B40097A981 /* QuestionsService in Frameworks */ = {isa = PBXBuildFile; productRef = 24FFCF3727D514B40097A981 /* QuestionsService */; };
/* End PBXBuildFile section */

/* Begin PBXFileReference section */
		241A79D527C8FC3200290C58 /* QuestionsPreviewApp.swift */ = {isa = PBXFileReference; lastKnownFileType = sourcecode.swift; path = QuestionsPreviewApp.swift; sourceTree = "<group>"; };
		241A79D927C8FC3300290C58 /* Assets.xcassets */ = {isa = PBXFileReference; lastKnownFileType = folder.assetcatalog; path = Assets.xcassets; sourceTree = "<group>"; };
		24318E0627C3C90C000DE02C /* Trying */ = {isa = PBXFileReference; lastKnownFileType = wrapper; name = Trying; path = ..; sourceTree = "<group>"; };
		24318E5227C3D433000DE02C /* Trying_iOSApp.swift */ = {isa = PBXFileReference; lastKnownFileType = sourcecode.swift; path = Trying_iOSApp.swift; sourceTree = "<group>"; };
		24318E5627C3D433000DE02C /* Assets.xcassets */ = {isa = PBXFileReference; lastKnownFileType = folder.assetcatalog; path = Assets.xcassets; sourceTree = "<group>"; };
		24318E5927C3D433000DE02C /* Preview Assets.xcassets */ = {isa = PBXFileReference; lastKnownFileType = folder.assetcatalog; path = "Preview Assets.xcassets"; sourceTree = "<group>"; };
		24FFCF3327D39D1F0097A981 /* QuestionsPreview.app */ = {isa = PBXFileReference; explicitFileType = wrapper.application; includeInIndex = 0; path = QuestionsPreview.app; sourceTree = BUILT_PRODUCTS_DIR; };
		24FFCF3427D39D1F0097A981 /* Trying_iOS.app */ = {isa = PBXFileReference; explicitFileType = wrapper.application; includeInIndex = 0; path = Trying_iOS.app; sourceTree = BUILT_PRODUCTS_DIR; };
/* End PBXFileReference section */

/* Begin PBXFrameworksBuildPhase section */
		241A79D027C8FC3200290C58 /* Frameworks */ = {
			isa = PBXFrameworksBuildPhase;
			buildActionMask = 2147483647;
			files = (
				241A79E527C8FD6D00290C58 /* Questions in Frameworks */,
				24FFCF3827D514B40097A981 /* QuestionsService in Frameworks */,
				24FFCF3627D514AA0097A981 /* Shared in Frameworks */,
			);
			runOnlyForDeploymentPostprocessing = 0;
		};
		24318E4D27C3D433000DE02C /* Frameworks */ = {
			isa = PBXFrameworksBuildPhase;
			buildActionMask = 2147483647;
			files = (
				241A79CE27C3E5AE00290C58 /* TryingMain in Frameworks */,
			);
			runOnlyForDeploymentPostprocessing = 0;
		};
/* End PBXFrameworksBuildPhase section */

/* Begin PBXGroup section */
		241A79D427C8FC3200290C58 /* QuestionsPreview */ = {
			isa = PBXGroup;
			children = (
				241A79D527C8FC3200290C58 /* QuestionsPreviewApp.swift */,
				241A79D927C8FC3300290C58 /* Assets.xcassets */,
			);
			path = QuestionsPreview;
			sourceTree = "<group>";
		};
		241A79E127C8FC7800290C58 /* Previews */ = {
			isa = PBXGroup;
			children = (
				241A79D427C8FC3200290C58 /* QuestionsPreview */,
			);
			path = Previews;
			sourceTree = "<group>";
		};
		241A79E327C8FD6D00290C58 /* Frameworks */ = {
			isa = PBXGroup;
			children = (
			);
			name = Frameworks;
			sourceTree = "<group>";
		};
		24318E5127C3D433000DE02C /* Trying_iOS */ = {
			isa = PBXGroup;
			children = (
				24318E5227C3D433000DE02C /* Trying_iOSApp.swift */,
				24318E5627C3D433000DE02C /* Assets.xcassets */,
				24318E5827C3D433000DE02C /* Preview Content */,
			);
			path = Trying_iOS;
			sourceTree = "<group>";
		};
		24318E5827C3D433000DE02C /* Preview Content */ = {
			isa = PBXGroup;
			children = (
				24318E5927C3D433000DE02C /* Preview Assets.xcassets */,
			);
			path = "Preview Content";
			sourceTree = "<group>";
		};
		24A4817227B529F700F760EA = {
			isa = PBXGroup;
			children = (
				241A79E127C8FC7800290C58 /* Previews */,
				24318E5127C3D433000DE02C /* Trying_iOS */,
				24318E0627C3C90C000DE02C /* Trying */,
				241A79E327C8FD6D00290C58 /* Frameworks */,
				24FFCF3327D39D1F0097A981 /* QuestionsPreview.app */,
				24FFCF3427D39D1F0097A981 /* Trying_iOS.app */,
			);
			sourceTree = "<group>";
		};
/* End PBXGroup section */

/* Begin PBXNativeTarget section */
		241A79D227C8FC3200290C58 /* QuestionsPreview */ = {
			isa = PBXNativeTarget;
			buildConfigurationList = 241A79DE27C8FC3300290C58 /* Build configuration list for PBXNativeTarget "QuestionsPreview" */;
			buildPhases = (
				241A79CF27C8FC3200290C58 /* Sources */,
				241A79D027C8FC3200290C58 /* Frameworks */,
				241A79D127C8FC3200290C58 /* Resources */,
			);
			buildRules = (
			);
			dependencies = (
			);
			name = QuestionsPreview;
			packageProductDependencies = (
				241A79E427C8FD6D00290C58 /* Questions */,
				24FFCF3527D514AA0097A981 /* Shared */,
				24FFCF3727D514B40097A981 /* QuestionsService */,
			);
			productName = QuestionsPreview;
			productReference = 24FFCF3327D39D1F0097A981 /* QuestionsPreview.app */;
			productType = "com.apple.product-type.application";
		};
		24318E4F27C3D433000DE02C /* Trying_iOS */ = {
			isa = PBXNativeTarget;
			buildConfigurationList = 24318E5B27C3D433000DE02C /* Build configuration list for PBXNativeTarget "Trying_iOS" */;
			buildPhases = (
				24318E4C27C3D433000DE02C /* Sources */,
				24318E4D27C3D433000DE02C /* Frameworks */,
				24318E4E27C3D433000DE02C /* Resources */,
			);
			buildRules = (
			);
			dependencies = (
			);
			name = Trying_iOS;
			packageProductDependencies = (
				241A79CD27C3E5AE00290C58 /* TryingMain */,
			);
			productName = Trying_iOS;
			productReference = 24FFCF3427D39D1F0097A981 /* Trying_iOS.app */;
			productType = "com.apple.product-type.application";
		};
/* End PBXNativeTarget section */

/* Begin PBXProject section */
		24A4817327B529F700F760EA /* Project object */ = {
			isa = PBXProject;
			attributes = {
				BuildIndependentTargetsInParallel = 1;
				LastSwiftUpdateCheck = 1320;
				LastUpgradeCheck = 1320;
				TargetAttributes = {
					241A79D227C8FC3200290C58 = {
						CreatedOnToolsVersion = 13.2.1;
					};
					24318E4F27C3D433000DE02C = {
						CreatedOnToolsVersion = 13.2.1;
					};
				};
			};
			buildConfigurationList = 24A4817627B529F700F760EA /* Build configuration list for PBXProject "Trying" */;
			compatibilityVersion = "Xcode 13.0";
			developmentRegion = en;
			hasScannedForEncodings = 0;
			knownRegions = (
				en,
				Base,
			);
			mainGroup = 24A4817227B529F700F760EA;
			packageReferences = (
				24A481B427B52AAA00F760EA /* XCRemoteSwiftPackageReference "swift-composable-architecture" */,
			);
			productRefGroup = 24A4817227B529F700F760EA;
			projectDirPath = "";
			projectRoot = "";
			targets = (
				241A79D227C8FC3200290C58 /* QuestionsPreview */,
				24318E4F27C3D433000DE02C /* Trying_iOS */,
			);
		};
/* End PBXProject section */

/* Begin PBXResourcesBuildPhase section */
		241A79D127C8FC3200290C58 /* Resources */ = {
			isa = PBXResourcesBuildPhase;
			buildActionMask = 2147483647;
			files = (
				241A79DA27C8FC3300290C58 /* Assets.xcassets in Resources */,
			);
			runOnlyForDeploymentPostprocessing = 0;
		};
		24318E4E27C3D433000DE02C /* Resources */ = {
			isa = PBXResourcesBuildPhase;
			buildActionMask = 2147483647;
			files = (
				24318E5A27C3D433000DE02C /* Preview Assets.xcassets in Resources */,
				24318E5727C3D433000DE02C /* Assets.xcassets in Resources */,
			);
			runOnlyForDeploymentPostprocessing = 0;
		};
/* End PBXResourcesBuildPhase section */

/* Begin PBXSourcesBuildPhase section */
		241A79CF27C8FC3200290C58 /* Sources */ = {
			isa = PBXSourcesBuildPhase;
			buildActionMask = 2147483647;
			files = (
				241A79D627C8FC3200290C58 /* QuestionsPreviewApp.swift in Sources */,
			);
			runOnlyForDeploymentPostprocessing = 0;
		};
		24318E4C27C3D433000DE02C /* Sources */ = {
			isa = PBXSourcesBuildPhase;
			buildActionMask = 2147483647;
			files = (
				24318E5327C3D433000DE02C /* Trying_iOSApp.swift in Sources */,
			);
			runOnlyForDeploymentPostprocessing = 0;
		};
/* End PBXSourcesBuildPhase section */

/* Begin XCBuildConfiguration section */
		241A79DF27C8FC3300290C58 /* Debug */ = {
			isa = XCBuildConfiguration;
			buildSettings = {
				ASSETCATALOG_COMPILER_APPICON_NAME = AppIcon;
				ASSETCATALOG_COMPILER_GLOBAL_ACCENT_COLOR_NAME = AccentColor;
				CODE_SIGN_STYLE = Automatic;
				CURRENT_PROJECT_VERSION = 1;
				DEVELOPMENT_TEAM = QAJG7HQR88;
				ENABLE_PREVIEWS = YES;
				GENERATE_INFOPLIST_FILE = YES;
				INFOPLIST_KEY_UIApplicationSceneManifest_Generation = YES;
				INFOPLIST_KEY_UIApplicationSupportsIndirectInputEvents = YES;
				INFOPLIST_KEY_UILaunchScreen_Generation = YES;
				INFOPLIST_KEY_UISupportedInterfaceOrientations_iPad = "UIInterfaceOrientationPortrait UIInterfaceOrientationPortraitUpsideDown UIInterfaceOrientationLandscapeLeft UIInterfaceOrientationLandscapeRight";
				INFOPLIST_KEY_UISupportedInterfaceOrientations_iPhone = "UIInterfaceOrientationPortrait UIInterfaceOrientationLandscapeLeft UIInterfaceOrientationLandscapeRight";
				LD_RUNPATH_SEARCH_PATHS = (
					"$(inherited)",
					"@executable_path/Frameworks",
				);
				MARKETING_VERSION = 1.0;
				PRODUCT_BUNDLE_IDENTIFIER = com.zcxxiv.trying.QuestionsPreview;
				PRODUCT_NAME = "$(TARGET_NAME)";
				SDKROOT = iphoneos;
				SWIFT_EMIT_LOC_STRINGS = YES;
				SWIFT_VERSION = 5.0;
				TARGETED_DEVICE_FAMILY = "1,2";
			};
			name = Debug;
		};
		241A79E027C8FC3300290C58 /* Release */ = {
			isa = XCBuildConfiguration;
			buildSettings = {
				ASSETCATALOG_COMPILER_APPICON_NAME = AppIcon;
				ASSETCATALOG_COMPILER_GLOBAL_ACCENT_COLOR_NAME = AccentColor;
				CODE_SIGN_STYLE = Automatic;
				CURRENT_PROJECT_VERSION = 1;
				DEVELOPMENT_TEAM = QAJG7HQR88;
				ENABLE_PREVIEWS = YES;
				GENERATE_INFOPLIST_FILE = YES;
				INFOPLIST_KEY_UIApplicationSceneManifest_Generation = YES;
				INFOPLIST_KEY_UIApplicationSupportsIndirectInputEvents = YES;
				INFOPLIST_KEY_UILaunchScreen_Generation = YES;
				INFOPLIST_KEY_UISupportedInterfaceOrientations_iPad = "UIInterfaceOrientationPortrait UIInterfaceOrientationPortraitUpsideDown UIInterfaceOrientationLandscapeLeft UIInterfaceOrientationLandscapeRight";
				INFOPLIST_KEY_UISupportedInterfaceOrientations_iPhone = "UIInterfaceOrientationPortrait UIInterfaceOrientationLandscapeLeft UIInterfaceOrientationLandscapeRight";
				LD_RUNPATH_SEARCH_PATHS = (
					"$(inherited)",
					"@executable_path/Frameworks",
				);
				MARKETING_VERSION = 1.0;
				PRODUCT_BUNDLE_IDENTIFIER = com.zcxxiv.trying.QuestionsPreview;
				PRODUCT_NAME = "$(TARGET_NAME)";
				SDKROOT = iphoneos;
				SWIFT_EMIT_LOC_STRINGS = YES;
				SWIFT_VERSION = 5.0;
				TARGETED_DEVICE_FAMILY = "1,2";
				VALIDATE_PRODUCT = YES;
			};
			name = Release;
		};
		24318E5C27C3D433000DE02C /* Debug */ = {
			isa = XCBuildConfiguration;
			buildSettings = {
				ASSETCATALOG_COMPILER_APPICON_NAME = AppIcon;
				ASSETCATALOG_COMPILER_GLOBAL_ACCENT_COLOR_NAME = AccentColor;
				CODE_SIGN_STYLE = Automatic;
				CURRENT_PROJECT_VERSION = 1;
				DEVELOPMENT_ASSET_PATHS = "\"Trying_iOS/Preview Content\"";
				DEVELOPMENT_TEAM = QAJG7HQR88;
				ENABLE_PREVIEWS = YES;
				GENERATE_INFOPLIST_FILE = YES;
				INFOPLIST_KEY_UIApplicationSceneManifest_Generation = YES;
				INFOPLIST_KEY_UIApplicationSupportsIndirectInputEvents = YES;
				INFOPLIST_KEY_UILaunchScreen_Generation = YES;
				INFOPLIST_KEY_UISupportedInterfaceOrientations_iPad = "UIInterfaceOrientationPortrait UIInterfaceOrientationPortraitUpsideDown UIInterfaceOrientationLandscapeLeft UIInterfaceOrientationLandscapeRight";
				INFOPLIST_KEY_UISupportedInterfaceOrientations_iPhone = "UIInterfaceOrientationPortrait UIInterfaceOrientationLandscapeLeft UIInterfaceOrientationLandscapeRight";
				LD_RUNPATH_SEARCH_PATHS = (
					"$(inherited)",
					"@executable_path/Frameworks",
				);
				MARKETING_VERSION = 1.0;
				PRODUCT_BUNDLE_IDENTIFIER = "com.zcxxiv.trying.Trying-iOS";
				PRODUCT_NAME = "$(TARGET_NAME)";
				SDKROOT = iphoneos;
				SWIFT_EMIT_LOC_STRINGS = YES;
				SWIFT_VERSION = 5.0;
				TARGETED_DEVICE_FAMILY = "1,2";
			};
			name = Debug;
		};
		24318E5D27C3D433000DE02C /* Release */ = {
			isa = XCBuildConfiguration;
			buildSettings = {
				ASSETCATALOG_COMPILER_APPICON_NAME = AppIcon;
				ASSETCATALOG_COMPILER_GLOBAL_ACCENT_COLOR_NAME = AccentColor;
				CODE_SIGN_STYLE = Automatic;
				CURRENT_PROJECT_VERSION = 1;
				DEVELOPMENT_ASSET_PATHS = "\"Trying_iOS/Preview Content\"";
				DEVELOPMENT_TEAM = QAJG7HQR88;
				ENABLE_PREVIEWS = YES;
				GENERATE_INFOPLIST_FILE = YES;
				INFOPLIST_KEY_UIApplicationSceneManifest_Generation = YES;
				INFOPLIST_KEY_UIApplicationSupportsIndirectInputEvents = YES;
				INFOPLIST_KEY_UILaunchScreen_Generation = YES;
				INFOPLIST_KEY_UISupportedInterfaceOrientations_iPad = "UIInterfaceOrientationPortrait UIInterfaceOrientationPortraitUpsideDown UIInterfaceOrientationLandscapeLeft UIInterfaceOrientationLandscapeRight";
				INFOPLIST_KEY_UISupportedInterfaceOrientations_iPhone = "UIInterfaceOrientationPortrait UIInterfaceOrientationLandscapeLeft UIInterfaceOrientationLandscapeRight";
				LD_RUNPATH_SEARCH_PATHS = (
					"$(inherited)",
					"@executable_path/Frameworks",
				);
				MARKETING_VERSION = 1.0;
				PRODUCT_BUNDLE_IDENTIFIER = "com.zcxxiv.trying.Trying-iOS";
				PRODUCT_NAME = "$(TARGET_NAME)";
				SDKROOT = iphoneos;
				SWIFT_EMIT_LOC_STRINGS = YES;
				SWIFT_VERSION = 5.0;
				TARGETED_DEVICE_FAMILY = "1,2";
				VALIDATE_PRODUCT = YES;
			};
			name = Release;
		};
		24A481A627B529F800F760EA /* Debug */ = {
			isa = XCBuildConfiguration;
			buildSettings = {
				ALWAYS_SEARCH_USER_PATHS = NO;
				CLANG_ANALYZER_NONNULL = YES;
				CLANG_ANALYZER_NUMBER_OBJECT_CONVERSION = YES_AGGRESSIVE;
				CLANG_CXX_LANGUAGE_STANDARD = "gnu++17";
				CLANG_CXX_LIBRARY = "libc++";
				CLANG_ENABLE_MODULES = YES;
				CLANG_ENABLE_OBJC_ARC = YES;
				CLANG_ENABLE_OBJC_WEAK = YES;
				CLANG_WARN_BLOCK_CAPTURE_AUTORELEASING = YES;
				CLANG_WARN_BOOL_CONVERSION = YES;
				CLANG_WARN_COMMA = YES;
				CLANG_WARN_CONSTANT_CONVERSION = YES;
				CLANG_WARN_DEPRECATED_OBJC_IMPLEMENTATIONS = YES;
				CLANG_WARN_DIRECT_OBJC_ISA_USAGE = YES_ERROR;
				CLANG_WARN_DOCUMENTATION_COMMENTS = YES;
				CLANG_WARN_EMPTY_BODY = YES;
				CLANG_WARN_ENUM_CONVERSION = YES;
				CLANG_WARN_INFINITE_RECURSION = YES;
				CLANG_WARN_INT_CONVERSION = YES;
				CLANG_WARN_NON_LITERAL_NULL_CONVERSION = YES;
				CLANG_WARN_OBJC_IMPLICIT_RETAIN_SELF = YES;
				CLANG_WARN_OBJC_LITERAL_CONVERSION = YES;
				CLANG_WARN_OBJC_ROOT_CLASS = YES_ERROR;
				CLANG_WARN_QUOTED_INCLUDE_IN_FRAMEWORK_HEADER = YES;
				CLANG_WARN_RANGE_LOOP_ANALYSIS = YES;
				CLANG_WARN_STRICT_PROTOTYPES = YES;
				CLANG_WARN_SUSPICIOUS_MOVE = YES;
				CLANG_WARN_UNGUARDED_AVAILABILITY = YES_AGGRESSIVE;
				CLANG_WARN_UNREACHABLE_CODE = YES;
				CLANG_WARN__DUPLICATE_METHOD_MATCH = YES;
				COPY_PHASE_STRIP = NO;
				DEBUG_INFORMATION_FORMAT = dwarf;
				ENABLE_STRICT_OBJC_MSGSEND = YES;
				ENABLE_TESTABILITY = YES;
				GCC_C_LANGUAGE_STANDARD = gnu11;
				GCC_DYNAMIC_NO_PIC = NO;
				GCC_NO_COMMON_BLOCKS = YES;
				GCC_OPTIMIZATION_LEVEL = 0;
				GCC_PREPROCESSOR_DEFINITIONS = (
					"DEBUG=1",
					"$(inherited)",
				);
				GCC_WARN_64_TO_32_BIT_CONVERSION = YES;
				GCC_WARN_ABOUT_RETURN_TYPE = YES_ERROR;
				GCC_WARN_UNDECLARED_SELECTOR = YES;
				GCC_WARN_UNINITIALIZED_AUTOS = YES_AGGRESSIVE;
				GCC_WARN_UNUSED_FUNCTION = YES;
				GCC_WARN_UNUSED_VARIABLE = YES;
				IPHONEOS_DEPLOYMENT_TARGET = 15.2;
				MTL_ENABLE_DEBUG_INFO = INCLUDE_SOURCE;
				MTL_FAST_MATH = YES;
				ONLY_ACTIVE_ARCH = YES;
				SWIFT_ACTIVE_COMPILATION_CONDITIONS = DEBUG;
				SWIFT_OPTIMIZATION_LEVEL = "-Onone";
			};
			name = Debug;
		};
		24A481A727B529F800F760EA /* Release */ = {
			isa = XCBuildConfiguration;
			buildSettings = {
				ALWAYS_SEARCH_USER_PATHS = NO;
				CLANG_ANALYZER_NONNULL = YES;
				CLANG_ANALYZER_NUMBER_OBJECT_CONVERSION = YES_AGGRESSIVE;
				CLANG_CXX_LANGUAGE_STANDARD = "gnu++17";
				CLANG_CXX_LIBRARY = "libc++";
				CLANG_ENABLE_MODULES = YES;
				CLANG_ENABLE_OBJC_ARC = YES;
				CLANG_ENABLE_OBJC_WEAK = YES;
				CLANG_WARN_BLOCK_CAPTURE_AUTORELEASING = YES;
				CLANG_WARN_BOOL_CONVERSION = YES;
				CLANG_WARN_COMMA = YES;
				CLANG_WARN_CONSTANT_CONVERSION = YES;
				CLANG_WARN_DEPRECATED_OBJC_IMPLEMENTATIONS = YES;
				CLANG_WARN_DIRECT_OBJC_ISA_USAGE = YES_ERROR;
				CLANG_WARN_DOCUMENTATION_COMMENTS = YES;
				CLANG_WARN_EMPTY_BODY = YES;
				CLANG_WARN_ENUM_CONVERSION = YES;
				CLANG_WARN_INFINITE_RECURSION = YES;
				CLANG_WARN_INT_CONVERSION = YES;
				CLANG_WARN_NON_LITERAL_NULL_CONVERSION = YES;
				CLANG_WARN_OBJC_IMPLICIT_RETAIN_SELF = YES;
				CLANG_WARN_OBJC_LITERAL_CONVERSION = YES;
				CLANG_WARN_OBJC_ROOT_CLASS = YES_ERROR;
				CLANG_WARN_QUOTED_INCLUDE_IN_FRAMEWORK_HEADER = YES;
				CLANG_WARN_RANGE_LOOP_ANALYSIS = YES;
				CLANG_WARN_STRICT_PROTOTYPES = YES;
				CLANG_WARN_SUSPICIOUS_MOVE = YES;
				CLANG_WARN_UNGUARDED_AVAILABILITY = YES_AGGRESSIVE;
				CLANG_WARN_UNREACHABLE_CODE = YES;
				CLANG_WARN__DUPLICATE_METHOD_MATCH = YES;
				COPY_PHASE_STRIP = NO;
				DEBUG_INFORMATION_FORMAT = "dwarf-with-dsym";
				ENABLE_NS_ASSERTIONS = NO;
				ENABLE_STRICT_OBJC_MSGSEND = YES;
				GCC_C_LANGUAGE_STANDARD = gnu11;
				GCC_NO_COMMON_BLOCKS = YES;
				GCC_WARN_64_TO_32_BIT_CONVERSION = YES;
				GCC_WARN_ABOUT_RETURN_TYPE = YES_ERROR;
				GCC_WARN_UNDECLARED_SELECTOR = YES;
				GCC_WARN_UNINITIALIZED_AUTOS = YES_AGGRESSIVE;
				GCC_WARN_UNUSED_FUNCTION = YES;
				GCC_WARN_UNUSED_VARIABLE = YES;
				IPHONEOS_DEPLOYMENT_TARGET = 15.2;
				MTL_ENABLE_DEBUG_INFO = NO;
				MTL_FAST_MATH = YES;
				SWIFT_COMPILATION_MODE = wholemodule;
				SWIFT_OPTIMIZATION_LEVEL = "-O";
			};
			name = Release;
		};
/* End XCBuildConfiguration section */

/* Begin XCConfigurationList section */
		241A79DE27C8FC3300290C58 /* Build configuration list for PBXNativeTarget "QuestionsPreview" */ = {
			isa = XCConfigurationList;
			buildConfigurations = (
				241A79DF27C8FC3300290C58 /* Debug */,
				241A79E027C8FC3300290C58 /* Release */,
			);
			defaultConfigurationIsVisible = 0;
			defaultConfigurationName = Release;
		};
		24318E5B27C3D433000DE02C /* Build configuration list for PBXNativeTarget "Trying_iOS" */ = {
			isa = XCConfigurationList;
			buildConfigurations = (
				24318E5C27C3D433000DE02C /* Debug */,
				24318E5D27C3D433000DE02C /* Release */,
			);
			defaultConfigurationIsVisible = 0;
			defaultConfigurationName = Release;
		};
		24A4817627B529F700F760EA /* Build configuration list for PBXProject "Trying" */ = {
			isa = XCConfigurationList;
			buildConfigurations = (
				24A481A627B529F800F760EA /* Debug */,
				24A481A727B529F800F760EA /* Release */,
			);
			defaultConfigurationIsVisible = 0;
			defaultConfigurationName = Release;
		};
/* End XCConfigurationList section */

/* Begin XCRemoteSwiftPackageReference section */
		24A481B427B52AAA00F760EA /* XCRemoteSwiftPackageReference "swift-composable-architecture" */ = {
			isa = XCRemoteSwiftPackageReference;
			repositoryURL = "https://github.com/pointfreeco/swift-composable-architecture";
			requirement = {
				branch = main;
				kind = branch;
			};
		};
/* End XCRemoteSwiftPackageReference section */

/* Begin XCSwiftPackageProductDependency section */
		241A79CD27C3E5AE00290C58 /* TryingMain */ = {
			isa = XCSwiftPackageProductDependency;
			productName = TryingMain;
		};
		241A79E427C8FD6D00290C58 /* Questions */ = {
			isa = XCSwiftPackageProductDependency;
			productName = Questions;
		};
		24FFCF3527D514AA0097A981 /* Shared */ = {
			isa = XCSwiftPackageProductDependency;
			productName = Shared;
		};
		24FFCF3727D514B40097A981 /* QuestionsService */ = {
			isa = XCSwiftPackageProductDependency;
			productName = QuestionsService;
		};
/* End XCSwiftPackageProductDependency section */
	};
	rootObject = 24A4817327B529F700F760EA /* Project object */;
}
